
Microsoft Visual Studio Solution File, Format Version 12.00
# Visual Studio Version 17
VisualStudioVersion = 17.4.33213.308
MinimumVisualStudioVersion = 10.0.40219.1
Project("{FAE04EC0-301F-11D3-BF4B-00C04F79EFBC}") = "W1nner", "W1nner\W1nner.csproj", "{15E0C9D3-EC70-48F8-9FFD-19AAAEA525D2}"
EndProject
Global
	GlobalSection(SolutionConfigurationPlatforms) = preSolution
		Debug|Any CPU = Debug|Any CPU
		Release|Any CPU = Release|Any CPU
	EndGlobalSection
	GlobalSection(ProjectConfigurationPlatforms) = postSolution
		{15E0C9D3-EC70-48F8-9FFD-19AAAEA525D2}.Debug|Any CPU.ActiveCfg = Debug|Any CPU
		{15E0C9D3-EC70-48F8-9FFD-19AAAEA525D2}.Debug|Any CPU.Build.0 = Debug|Any CPU
		{15E0C9D3-EC70-48F8-9FFD-19AAAEA525D2}.Release|Any CPU.ActiveCfg = Release|Any CPU
		{15E0C9D3-EC70-48F8-9FFD-19AAAEA525D2}.Release|Any CPU.Build.0 = Release|Any CPU
	EndGlobalSection
	GlobalSection(SolutionProperties) = preSolution
		HideSolutionNode = FALSE
	EndGlobalSection
	GlobalSection(ExtensibilityGlobals) = postSolution
		SolutionGuid = {BE847B9E-A060-4D69-A679-E53A2977C2E5}
	EndGlobalSection
EndGlobal
